
Microsoft Visual Studio Solution File, Format Version 12.00
# Visual Studio Version 16
VisualStudioVersion = 16.0.32228.343
MinimumVisualStudioVersion = 10.0.40219.1
Project("{8BC9CEB8-8B4A-11D0-8D11-00A0C91BC942}") = "Frumpy", "Frumpy.vcxproj", "{ABE648AC-658D-4A05-8008-CD0A398DE5F9}"
EndProject
Project("{8BC9CEB8-8B4A-11D0-8D11-00A0C91BC942}") = "Demo", "Demo\Demo.vcxproj", "{D9DDE94F-4F61-46A1-9828-F8D5293DAB09}"
	ProjectSection(ProjectDependencies) = postProject
		{ABE648AC-658D-4A05-8008-CD0A398DE5F9} = {ABE648AC-658D-4A05-8008-CD0A398DE5F9}
	EndProjectSection
EndProject
Global
	GlobalSection(SolutionConfigurationPlatforms) = preSolution
		Debug|x64 = Debug|x64
		Debug|x86 = Debug|x86
		Release|x64 = Release|x64
		Release|x86 = Release|x86
	EndGlobalSection
	GlobalSection(ProjectConfigurationPlatforms) = postSolution
		{ABE648AC-658D-4A05-8008-CD0A398DE5F9}.Debug|x64.ActiveCfg = Debug|x64
		{ABE648AC-658D-4A05-8008-CD0A398DE5F9}.Debug|x64.Build.0 = Debug|x64
		{ABE648AC-658D-4A05-8008-CD0A398DE5F9}.Debug|x86.ActiveCfg = Debug|Win32
		{ABE648AC-658D-4A05-8008-CD0A398DE5F9}.Debug|x86.Build.0 = Debug|Win32
		{ABE648AC-658D-4A05-8008-CD0A398DE5F9}.Release|x64.ActiveCfg = Release|x64
		{ABE648AC-658D-4A05-8008-CD0A398DE5F9}.Release|x64.Build.0 = Release|x64
		{ABE648AC-658D-4A05-8008-CD0A398DE5F9}.Release|x86.ActiveCfg = Release|Win32
		{ABE648AC-658D-4A05-8008-CD0A398DE5F9}.Release|x86.Build.0 = Release|Win32
		{D9DDE94F-4F61-46A1-9828-F8D5293DAB09}.Debug|x64.ActiveCfg = Debug|x64
		{D9DDE94F-4F61-46A1-9828-F8D5293DAB09}.Debug|x64.Build.0 = Debug|x64
		{D9DDE94F-4F61-46A1-9828-F8D5293DAB09}.Debug|x86.ActiveCfg = Debug|Win32
		{D9DDE94F-4F61-46A1-9828-F8D5293DAB09}.Debug|x86.Build.0 = Debug|Win32
		{D9DDE94F-4F61-46A1-9828-F8D5293DAB09}.Release|x64.ActiveCfg = Release|x64
		{D9DDE94F-4F61-46A1-9828-F8D5293DAB09}.Release|x64.Build.0 = Release|x64
		{D9DDE94F-4F61-46A1-9828-F8D5293DAB09}.Release|x86.ActiveCfg = Release|Win32
		{D9DDE94F-4F61-46A1-9828-F8D5293DAB09}.Release|x86.Build.0 = Release|Win32
	EndGlobalSection
	GlobalSection(SolutionProperties) = preSolution
		HideSolutionNode = FALSE
	EndGlobalSection
	GlobalSection(ExtensibilityGlobals) = postSolution
		SolutionGuid = {B46A77C7-4B83-4D46-A230-D00C620CEC76}
	EndGlobalSection
EndGlobal
