<?xml version="1.0" encoding="utf-8"?>
<Project ToolsVersion="4.0" xmlns="http://schemas.microsoft.com/developer/msbuild/2003">
  <ItemGroup>
    <Filter Include="Source">
      <UniqueIdentifier>{4FC737F1-C7A5-4376-A066-2A32D752A2FF}</UniqueIdentifier>
      <Extensions>cpp;c;cc;cxx;c++;cppm;ixx;def;odl;idl;hpj;bat;asm;asmx</Extensions>
    </Filter>
    <Filter Include="Source\FileFormats">
      <UniqueIdentifier>{14d44ee7-0751-4d00-9574-50cf6a77fb31}</UniqueIdentifier>
    </Filter>
    <Filter Include="Source\SceneObjects">
      <UniqueIdentifier>{fed6c2f7-e70c-4a21-9a6e-ff88031d9358}</UniqueIdentifier>
    </Filter>
    <Filter Include="Source\FileAssets">
      <UniqueIdentifier>{1076f09d-675d-4985-bd2b-e5b0c651b934}</UniqueIdentifier>
    </Filter>
    <Filter Include="Source\LightSources">
      <UniqueIdentifier>{5a722af7-bc3e-4e41-8097-bacb43746e65}</UniqueIdentifier>
    </Filter>
  </ItemGroup>
  <ItemGroup>
    <ClInclude Include="Source\Defines.h">
      <Filter>Source</Filter>
    </ClInclude>
    <ClInclude Include="Source\Scene.h">
      <Filter>Source</Filter>
    </ClInclude>
    <ClInclude Include="Source\Matrix.h">
      <Filter>Source</Filter>
    </ClInclude>
    <ClInclude Include="Source\Vector.h">
      <Filter>Source</Filter>
    </ClInclude>
    <ClInclude Include="Source\List.h">
      <Filter>Source</Filter>
    </ClInclude>
    <ClInclude Include="Source\Camera.h">
      <Filter>Source</Filter>
    </ClInclude>
    <ClInclude Include="Source\Plane.h">
      <Filter>Source</Filter>
    </ClInclude>
    <ClInclude Include="Source\Vertex.h">
      <Filter>Source</Filter>
    </ClInclude>
    <ClInclude Include="Source\Triangle.h">
      <Filter>Source</Filter>
    </ClInclude>
    <ClInclude Include="Source\Renderer.h">
      <Filter>Source</Filter>
    </ClInclude>
    <ClInclude Include="Source\FileFormats\OBJFormat.h">
      <Filter>Source\FileFormats</Filter>
    </ClInclude>
    <ClInclude Include="Source\FileAssets\Mesh.h">
      <Filter>Source\FileAssets</Filter>
    </ClInclude>
    <ClInclude Include="Source\SceneObjects\MeshObject.h">
      <Filter>Source\SceneObjects</Filter>
    </ClInclude>
    <ClInclude Include="Source\FileAssets\Image.h">
      <Filter>Source\FileAssets</Filter>
    </ClInclude>
    <ClInclude Include="Source\LightSource.h">
      <Filter>Source</Filter>
    </ClInclude>
    <ClInclude Include="Source\LightSources\DirectionalLight.h">
      <Filter>Source\LightSources</Filter>
    </ClInclude>
    <ClInclude Include="Source\LightSources\SpotLight.h">
      <Filter>Source\LightSources</Filter>
    </ClInclude>
    <ClInclude Include="Source\LightSources\AmbientLight.h">
      <Filter>Source\LightSources</Filter>
    </ClInclude>
    <ClInclude Include="Source\Stream.h">
      <Filter>Source</Filter>
    </ClInclude>
    <ClInclude Include="Source\FileFormats\PPMFormat.h">
      <Filter>Source\FileFormats</Filter>
    </ClInclude>
    <ClInclude Include="Source\AssetManager.h">
      <Filter>Source</Filter>
    </ClInclude>
    <ClInclude Include="Source\Map.h">
      <Filter>Source</Filter>
    </ClInclude>
  </ItemGroup>
  <ItemGroup>
    <ClCompile Include="Source\Scene.cpp">
      <Filter>Source</Filter>
    </ClCompile>
    <ClCompile Include="Source\Matrix.cpp">
      <Filter>Source</Filter>
    </ClCompile>
    <ClCompile Include="Source\Vector.cpp">
      <Filter>Source</Filter>
    </ClCompile>
    <ClCompile Include="Source\Camera.cpp">
      <Filter>Source</Filter>
    </ClCompile>
    <ClCompile Include="Source\Plane.cpp">
      <Filter>Source</Filter>
    </ClCompile>
    <ClCompile Include="Source\Vertex.cpp">
      <Filter>Source</Filter>
    </ClCompile>
    <ClCompile Include="Source\Triangle.cpp">
      <Filter>Source</Filter>
    </ClCompile>
    <ClCompile Include="Source\Renderer.cpp">
      <Filter>Source</Filter>
    </ClCompile>
    <ClCompile Include="Source\FileFormats\OBJFormat.cpp">
      <Filter>Source\FileFormats</Filter>
    </ClCompile>
    <ClCompile Include="Source\FileAssets\Mesh.cpp">
      <Filter>Source\FileAssets</Filter>
    </ClCompile>
    <ClCompile Include="Source\SceneObjects\MeshObject.cpp">
      <Filter>Source\SceneObjects</Filter>
    </ClCompile>
    <ClCompile Include="Source\FileAssets\Image.cpp">
      <Filter>Source\FileAssets</Filter>
    </ClCompile>
    <ClCompile Include="Source\LightSource.cpp">
      <Filter>Source</Filter>
    </ClCompile>
    <ClCompile Include="Source\LightSources\DirectionalLight.cpp">
      <Filter>Source\LightSources</Filter>
    </ClCompile>
    <ClCompile Include="Source\LightSources\SpotLight.cpp">
      <Filter>Source\LightSources</Filter>
    </ClCompile>
    <ClCompile Include="Source\LightSources\AmbientLight.cpp">
      <Filter>Source\LightSources</Filter>
    </ClCompile>
    <ClCompile Include="Source\Stream.cpp">
      <Filter>Source</Filter>
    </ClCompile>
    <ClCompile Include="Source\FileFormats\PPMFormat.cpp">
      <Filter>Source\FileFormats</Filter>
    </ClCompile>
    <ClCompile Include="Source\AssetManager.cpp">
      <Filter>Source</Filter>
    </ClCompile>
  </ItemGroup>
</Project>